// !$*UTF8*$!
{
	archiveVersion = 1;
	classes = {
	};
	objectVersion = 55;
	objects = {

/* Begin PBXBuildFile section */
		3EB201FB27B2EF07006E3455 /* RoundedCorner.swift in Sources */ = {isa = PBXBuildFile; fileRef = 3EB201FA27B2EF07006E3455 /* RoundedCorner.swift */; };
		3EB201FD27B2EF3C006E3455 /* View+cornerRadius.swift in Sources */ = {isa = PBXBuildFile; fileRef = 3EB201FC27B2EF3C006E3455 /* View+cornerRadius.swift */; };
		552CA9BA27B1D6F100364B3E /* CategoryStruct.swift in Sources */ = {isa = PBXBuildFile; fileRef = 552CA9B927B1D6F100364B3E /* CategoryStruct.swift */; };
		552CA9BC27B216F900364B3E /* HomeScreenButtomSectionView.swift in Sources */ = {isa = PBXBuildFile; fileRef = 552CA9BB27B216F900364B3E /* HomeScreenButtomSectionView.swift */; };
		552CA9BE27B2188300364B3E /* HomeScreenTopSectionView.swift in Sources */ = {isa = PBXBuildFile; fileRef = 552CA9BD27B2188300364B3E /* HomeScreenTopSectionView.swift */; };
		552CA9C127B2DC9E00364B3E /* BottomSection.swift in Sources */ = {isa = PBXBuildFile; fileRef = 552CA9C027B2DC9E00364B3E /* BottomSection.swift */; };
		552CA9C527B3114000364B3E /* IngredientScreenView.swift in Sources */ = {isa = PBXBuildFile; fileRef = 552CA9C427B3114000364B3E /* IngredientScreenView.swift */; };
		55A1B2DE27B7A34B003811F0 /* CategorieStruct.swift in Sources */ = {isa = PBXBuildFile; fileRef = 55A1B2DD27B7A34B003811F0 /* CategorieStruct.swift */; };
		8A25783027AB099E0092C6C5 /* DeepDishApp.swift in Sources */ = {isa = PBXBuildFile; fileRef = 8A25782F27AB099E0092C6C5 /* DeepDishApp.swift */; };
		8A25783227AB099E0092C6C5 /* HomeScreenView.swift in Sources */ = {isa = PBXBuildFile; fileRef = 8A25783127AB099E0092C6C5 /* HomeScreenView.swift */; };
		8A25783427AB099F0092C6C5 /* Assets.xcassets in Resources */ = {isa = PBXBuildFile; fileRef = 8A25783327AB099F0092C6C5 /* Assets.xcassets */; };
		8A25783727AB099F0092C6C5 /* Preview Assets.xcassets in Resources */ = {isa = PBXBuildFile; fileRef = 8A25783627AB099F0092C6C5 /* Preview Assets.xcassets */; };
		8AC7195527ADC9F900F154DA /* TestScreen.swift in Sources */ = {isa = PBXBuildFile; fileRef = 8AC7195427ADC9F900F154DA /* TestScreen.swift */; };
/* End PBXBuildFile section */

/* Begin PBXFileReference section */
		3EB201FA27B2EF07006E3455 /* RoundedCorner.swift */ = {isa = PBXFileReference; lastKnownFileType = sourcecode.swift; path = RoundedCorner.swift; sourceTree = "<group>"; };
		3EB201FC27B2EF3C006E3455 /* View+cornerRadius.swift */ = {isa = PBXFileReference; lastKnownFileType = sourcecode.swift; path = "View+cornerRadius.swift"; sourceTree = "<group>"; };
		552CA9B927B1D6F100364B3E /* CategoryStruct.swift */ = {isa = PBXFileReference; lastKnownFileType = sourcecode.swift; path = CategoryStruct.swift; sourceTree = "<group>"; };
		552CA9BB27B216F900364B3E /* HomeScreenButtomSectionView.swift */ = {isa = PBXFileReference; lastKnownFileType = sourcecode.swift; path = HomeScreenButtomSectionView.swift; sourceTree = "<group>"; };
		552CA9BD27B2188300364B3E /* HomeScreenTopSectionView.swift */ = {isa = PBXFileReference; lastKnownFileType = sourcecode.swift; path = HomeScreenTopSectionView.swift; sourceTree = "<group>"; };
		552CA9C027B2DC9E00364B3E /* BottomSection.swift */ = {isa = PBXFileReference; lastKnownFileType = sourcecode.swift; path = BottomSection.swift; sourceTree = "<group>"; };
		552CA9C427B3114000364B3E /* IngredientScreenView.swift */ = {isa = PBXFileReference; lastKnownFileType = sourcecode.swift; path = IngredientScreenView.swift; sourceTree = "<group>"; };
		55A1B2DD27B7A34B003811F0 /* CategorieStruct.swift */ = {isa = PBXFileReference; lastKnownFileType = sourcecode.swift; path = CategorieStruct.swift; sourceTree = "<group>"; };
		8A25782C27AB099E0092C6C5 /* DeepDish.app */ = {isa = PBXFileReference; explicitFileType = wrapper.application; includeInIndex = 0; path = DeepDish.app; sourceTree = BUILT_PRODUCTS_DIR; };
		8A25782F27AB099E0092C6C5 /* DeepDishApp.swift */ = {isa = PBXFileReference; lastKnownFileType = sourcecode.swift; path = DeepDishApp.swift; sourceTree = "<group>"; };
		8A25783127AB099E0092C6C5 /* HomeScreenView.swift */ = {isa = PBXFileReference; lastKnownFileType = sourcecode.swift; path = HomeScreenView.swift; sourceTree = "<group>"; };
		8A25783327AB099F0092C6C5 /* Assets.xcassets */ = {isa = PBXFileReference; lastKnownFileType = folder.assetcatalog; path = Assets.xcassets; sourceTree = "<group>"; };
		8A25783627AB099F0092C6C5 /* Preview Assets.xcassets */ = {isa = PBXFileReference; lastKnownFileType = folder.assetcatalog; path = "Preview Assets.xcassets"; sourceTree = "<group>"; };
		8AC7195427ADC9F900F154DA /* TestScreen.swift */ = {isa = PBXFileReference; lastKnownFileType = sourcecode.swift; path = TestScreen.swift; sourceTree = "<group>"; };
/* End PBXFileReference section */

/* Begin PBXFrameworksBuildPhase section */
		8A25782927AB099E0092C6C5 /* Frameworks */ = {
			isa = PBXFrameworksBuildPhase;
			buildActionMask = 2147483647;
			files = (
			);
			runOnlyForDeploymentPostprocessing = 0;
		};
/* End PBXFrameworksBuildPhase section */

/* Begin PBXGroup section */
		552CA9BF27B21A9700364B3E /* HomeScreenGroup */ = {
			isa = PBXGroup;
			children = (
				8A25783127AB099E0092C6C5 /* HomeScreenView.swift */,
				3EB201FC27B2EF3C006E3455 /* View+cornerRadius.swift */,
				3EB201FA27B2EF07006E3455 /* RoundedCorner.swift */,
				552CA9BB27B216F900364B3E /* HomeScreenButtomSectionView.swift */,
				552CA9BD27B2188300364B3E /* HomeScreenTopSectionView.swift */,
				552CA9B927B1D6F100364B3E /* CategoryStruct.swift */,
				552CA9C027B2DC9E00364B3E /* BottomSection.swift */,
				55A1B2DD27B7A34B003811F0 /* CategorieStruct.swift */,
			);
			path = HomeScreenGroup;
			sourceTree = "<group>";
		};
		8A25782327AB099E0092C6C5 = {
			isa = PBXGroup;
			children = (
				8A25782E27AB099E0092C6C5 /* DeepDish */,
				8A25782D27AB099E0092C6C5 /* Products */,
			);
			sourceTree = "<group>";
		};
		8A25782D27AB099E0092C6C5 /* Products */ = {
			isa = PBXGroup;
			children = (
				8A25782C27AB099E0092C6C5 /* DeepDish.app */,
			);
			name = Products;
			sourceTree = "<group>";
		};
		8A25782E27AB099E0092C6C5 /* DeepDish */ = {
			isa = PBXGroup;
			children = (
				552CA9C427B3114000364B3E /* IngredientScreenView.swift */,
				8A25782F27AB099E0092C6C5 /* DeepDishApp.swift */,
				552CA9BF27B21A9700364B3E /* HomeScreenGroup */,
				8AC7195427ADC9F900F154DA /* TestScreen.swift */,
				8A25783327AB099F0092C6C5 /* Assets.xcassets */,
				8A25783527AB099F0092C6C5 /* Preview Content */,
			);
			path = DeepDish;
			sourceTree = "<group>";
		};
		8A25783527AB099F0092C6C5 /* Preview Content */ = {
			isa = PBXGroup;
			children = (
				8A25783627AB099F0092C6C5 /* Preview Assets.xcassets */,
			);
			path = "Preview Content";
			sourceTree = "<group>";
		};
/* End PBXGroup section */

/* Begin PBXNativeTarget section */
		8A25782B27AB099E0092C6C5 /* DeepDish */ = {
			isa = PBXNativeTarget;
			buildConfigurationList = 8A25783A27AB099F0092C6C5 /* Build configuration list for PBXNativeTarget "DeepDish" */;
			buildPhases = (
				8A25782827AB099E0092C6C5 /* Sources */,
				8A25782927AB099E0092C6C5 /* Frameworks */,
				8A25782A27AB099E0092C6C5 /* Resources */,
			);
			buildRules = (
			);
			dependencies = (
			);
			name = DeepDish;
			productName = DeepDish;
			productReference = 8A25782C27AB099E0092C6C5 /* DeepDish.app */;
			productType = "com.apple.product-type.application";
		};
/* End PBXNativeTarget section */

/* Begin PBXProject section */
		8A25782427AB099E0092C6C5 /* Project object */ = {
			isa = PBXProject;
			attributes = {
				BuildIndependentTargetsInParallel = 1;
				LastSwiftUpdateCheck = 1320;
				LastUpgradeCheck = 1320;
				TargetAttributes = {
					8A25782B27AB099E0092C6C5 = {
						CreatedOnToolsVersion = 13.2.1;
					};
				};
			};
			buildConfigurationList = 8A25782727AB099E0092C6C5 /* Build configuration list for PBXProject "DeepDish" */;
			compatibilityVersion = "Xcode 13.0";
			developmentRegion = en;
			hasScannedForEncodings = 0;
			knownRegions = (
				en,
				Base,
			);
			mainGroup = 8A25782327AB099E0092C6C5;
			productRefGroup = 8A25782D27AB099E0092C6C5 /* Products */;
			projectDirPath = "";
			projectRoot = "";
			targets = (
				8A25782B27AB099E0092C6C5 /* DeepDish */,
			);
		};
/* End PBXProject section */

/* Begin PBXResourcesBuildPhase section */
		8A25782A27AB099E0092C6C5 /* Resources */ = {
			isa = PBXResourcesBuildPhase;
			buildActionMask = 2147483647;
			files = (
				8A25783727AB099F0092C6C5 /* Preview Assets.xcassets in Resources */,
				8A25783427AB099F0092C6C5 /* Assets.xcassets in Resources */,
			);
			runOnlyForDeploymentPostprocessing = 0;
		};
/* End PBXResourcesBuildPhase section */

/* Begin PBXSourcesBuildPhase section */
		8A25782827AB099E0092C6C5 /* Sources */ = {
			isa = PBXSourcesBuildPhase;
			buildActionMask = 2147483647;
			files = (
				3EB201FB27B2EF07006E3455 /* RoundedCorner.swift in Sources */,
				3EB201FD27B2EF3C006E3455 /* View+cornerRadius.swift in Sources */,
				552CA9C127B2DC9E00364B3E /* BottomSection.swift in Sources */,
				552CA9C527B3114000364B3E /* IngredientScreenView.swift in Sources */,
				55A1B2DE27B7A34B003811F0 /* CategorieStruct.swift in Sources */,
				8AC7195527ADC9F900F154DA /* TestScreen.swift in Sources */,
				552CA9BE27B2188300364B3E /* HomeScreenTopSectionView.swift in Sources */,
				552CA9BA27B1D6F100364B3E /* CategoryStruct.swift in Sources */,
				552CA9BC27B216F900364B3E /* HomeScreenButtomSectionView.swift in Sources */,
				8A25783227AB099E0092C6C5 /* HomeScreenView.swift in Sources */,
				8A25783027AB099E0092C6C5 /* DeepDishApp.swift in Sources */,
			);
			runOnlyForDeploymentPostprocessing = 0;
		};
/* End PBXSourcesBuildPhase section */

/* Begin XCBuildConfiguration section */
		8A25783827AB099F0092C6C5 /* Debug */ = {
			isa = XCBuildConfiguration;
			buildSettings = {
				ALWAYS_SEARCH_USER_PATHS = NO;
				CLANG_ANALYZER_NONNULL = YES;
				CLANG_ANALYZER_NUMBER_OBJECT_CONVERSION = YES_AGGRESSIVE;
				CLANG_CXX_LANGUAGE_STANDARD = "gnu++17";
				CLANG_CXX_LIBRARY = "libc++";
				CLANG_ENABLE_MODULES = YES;
				CLANG_ENABLE_OBJC_ARC = YES;
				CLANG_ENABLE_OBJC_WEAK = YES;
				CLANG_WARN_BLOCK_CAPTURE_AUTORELEASING = YES;
				CLANG_WARN_BOOL_CONVERSION = YES;
				CLANG_WARN_COMMA = YES;
				CLANG_WARN_CONSTANT_CONVERSION = YES;
				CLANG_WARN_DEPRECATED_OBJC_IMPLEMENTATIONS = YES;
				CLANG_WARN_DIRECT_OBJC_ISA_USAGE = YES_ERROR;
				CLANG_WARN_DOCUMENTATION_COMMENTS = YES;
				CLANG_WARN_EMPTY_BODY = YES;
				CLANG_WARN_ENUM_CONVERSION = YES;
				CLANG_WARN_INFINITE_RECURSION = YES;
				CLANG_WARN_INT_CONVERSION = YES;
				CLANG_WARN_NON_LITERAL_NULL_CONVERSION = YES;
				CLANG_WARN_OBJC_IMPLICIT_RETAIN_SELF = YES;
				CLANG_WARN_OBJC_LITERAL_CONVERSION = YES;
				CLANG_WARN_OBJC_ROOT_CLASS = YES_ERROR;
				CLANG_WARN_QUOTED_INCLUDE_IN_FRAMEWORK_HEADER = YES;
				CLANG_WARN_RANGE_LOOP_ANALYSIS = YES;
				CLANG_WARN_STRICT_PROTOTYPES = YES;
				CLANG_WARN_SUSPICIOUS_MOVE = YES;
				CLANG_WARN_UNGUARDED_AVAILABILITY = YES_AGGRESSIVE;
				CLANG_WARN_UNREACHABLE_CODE = YES;
				CLANG_WARN__DUPLICATE_METHOD_MATCH = YES;
				COPY_PHASE_STRIP = NO;
				DEBUG_INFORMATION_FORMAT = dwarf;
				ENABLE_STRICT_OBJC_MSGSEND = YES;
				ENABLE_TESTABILITY = YES;
				GCC_C_LANGUAGE_STANDARD = gnu11;
				GCC_DYNAMIC_NO_PIC = NO;
				GCC_NO_COMMON_BLOCKS = YES;
				GCC_OPTIMIZATION_LEVEL = 0;
				GCC_PREPROCESSOR_DEFINITIONS = (
					"DEBUG=1",
					"$(inherited)",
				);
				GCC_WARN_64_TO_32_BIT_CONVERSION = YES;
				GCC_WARN_ABOUT_RETURN_TYPE = YES_ERROR;
				GCC_WARN_UNDECLARED_SELECTOR = YES;
				GCC_WARN_UNINITIALIZED_AUTOS = YES_AGGRESSIVE;
				GCC_WARN_UNUSED_FUNCTION = YES;
				GCC_WARN_UNUSED_VARIABLE = YES;
				IPHONEOS_DEPLOYMENT_TARGET = 15.2;
				MTL_ENABLE_DEBUG_INFO = INCLUDE_SOURCE;
				MTL_FAST_MATH = YES;
				ONLY_ACTIVE_ARCH = YES;
				SDKROOT = iphoneos;
				SWIFT_ACTIVE_COMPILATION_CONDITIONS = DEBUG;
				SWIFT_OPTIMIZATION_LEVEL = "-Onone";
			};
			name = Debug;
		};
		8A25783927AB099F0092C6C5 /* Release */ = {
			isa = XCBuildConfiguration;
			buildSettings = {
				ALWAYS_SEARCH_USER_PATHS = NO;
				CLANG_ANALYZER_NONNULL = YES;
				CLANG_ANALYZER_NUMBER_OBJECT_CONVERSION = YES_AGGRESSIVE;
				CLANG_CXX_LANGUAGE_STANDARD = "gnu++17";
				CLANG_CXX_LIBRARY = "libc++";
				CLANG_ENABLE_MODULES = YES;
				CLANG_ENABLE_OBJC_ARC = YES;
				CLANG_ENABLE_OBJC_WEAK = YES;
				CLANG_WARN_BLOCK_CAPTURE_AUTORELEASING = YES;
				CLANG_WARN_BOOL_CONVERSION = YES;
				CLANG_WARN_COMMA = YES;
				CLANG_WARN_CONSTANT_CONVERSION = YES;
				CLANG_WARN_DEPRECATED_OBJC_IMPLEMENTATIONS = YES;
				CLANG_WARN_DIRECT_OBJC_ISA_USAGE = YES_ERROR;
				CLANG_WARN_DOCUMENTATION_COMMENTS = YES;
				CLANG_WARN_EMPTY_BODY = YES;
				CLANG_WARN_ENUM_CONVERSION = YES;
				CLANG_WARN_INFINITE_RECURSION = YES;
				CLANG_WARN_INT_CONVERSION = YES;
				CLANG_WARN_NON_LITERAL_NULL_CONVERSION = YES;
				CLANG_WARN_OBJC_IMPLICIT_RETAIN_SELF = YES;
				CLANG_WARN_OBJC_LITERAL_CONVERSION = YES;
				CLANG_WARN_OBJC_ROOT_CLASS = YES_ERROR;
				CLANG_WARN_QUOTED_INCLUDE_IN_FRAMEWORK_HEADER = YES;
				CLANG_WARN_RANGE_LOOP_ANALYSIS = YES;
				CLANG_WARN_STRICT_PROTOTYPES = YES;
				CLANG_WARN_SUSPICIOUS_MOVE = YES;
				CLANG_WARN_UNGUARDED_AVAILABILITY = YES_AGGRESSIVE;
				CLANG_WARN_UNREACHABLE_CODE = YES;
				CLANG_WARN__DUPLICATE_METHOD_MATCH = YES;
				COPY_PHASE_STRIP = NO;
				DEBUG_INFORMATION_FORMAT = "dwarf-with-dsym";
				ENABLE_NS_ASSERTIONS = NO;
				ENABLE_STRICT_OBJC_MSGSEND = YES;
				GCC_C_LANGUAGE_STANDARD = gnu11;
				GCC_NO_COMMON_BLOCKS = YES;
				GCC_WARN_64_TO_32_BIT_CONVERSION = YES;
				GCC_WARN_ABOUT_RETURN_TYPE = YES_ERROR;
				GCC_WARN_UNDECLARED_SELECTOR = YES;
				GCC_WARN_UNINITIALIZED_AUTOS = YES_AGGRESSIVE;
				GCC_WARN_UNUSED_FUNCTION = YES;
				GCC_WARN_UNUSED_VARIABLE = YES;
				IPHONEOS_DEPLOYMENT_TARGET = 15.2;
				MTL_ENABLE_DEBUG_INFO = NO;
				MTL_FAST_MATH = YES;
				SDKROOT = iphoneos;
				SWIFT_COMPILATION_MODE = wholemodule;
				SWIFT_OPTIMIZATION_LEVEL = "-O";
				VALIDATE_PRODUCT = YES;
			};
			name = Release;
		};
		8A25783B27AB099F0092C6C5 /* Debug */ = {
			isa = XCBuildConfiguration;
			buildSettings = {
				ASSETCATALOG_COMPILER_APPICON_NAME = AppIcon;
				ASSETCATALOG_COMPILER_GLOBAL_ACCENT_COLOR_NAME = AccentColor;
				CODE_SIGN_STYLE = Automatic;
				CURRENT_PROJECT_VERSION = 1;
				DEVELOPMENT_ASSET_PATHS = "\"DeepDish/Preview Content\"";
				DEVELOPMENT_TEAM = 8KG8PL9HFA;
				ENABLE_PREVIEWS = YES;
				GENERATE_INFOPLIST_FILE = YES;
				INFOPLIST_KEY_UIApplicationSceneManifest_Generation = YES;
				INFOPLIST_KEY_UIApplicationSupportsIndirectInputEvents = YES;
				INFOPLIST_KEY_UILaunchScreen_Generation = YES;
				INFOPLIST_KEY_UISupportedInterfaceOrientations_iPad = "UIInterfaceOrientationPortrait UIInterfaceOrientationPortraitUpsideDown UIInterfaceOrientationLandscapeLeft UIInterfaceOrientationLandscapeRight";
				INFOPLIST_KEY_UISupportedInterfaceOrientations_iPhone = "UIInterfaceOrientationPortrait UIInterfaceOrientationLandscapeLeft UIInterfaceOrientationLandscapeRight";
				LD_RUNPATH_SEARCH_PATHS = (
					"$(inherited)",
					"@executable_path/Frameworks",
				);
				MARKETING_VERSION = 1.0;
				PRODUCT_BUNDLE_IDENTIFIER = com.academy.DeepDish;
				PRODUCT_NAME = "$(TARGET_NAME)";
				SWIFT_EMIT_LOC_STRINGS = YES;
				SWIFT_VERSION = 5.0;
				TARGETED_DEVICE_FAMILY = "1,2";
			};
			name = Debug;
		};
		8A25783C27AB099F0092C6C5 /* Release */ = {
			isa = XCBuildConfiguration;
			buildSettings = {
				ASSETCATALOG_COMPILER_APPICON_NAME = AppIcon;
				ASSETCATALOG_COMPILER_GLOBAL_ACCENT_COLOR_NAME = AccentColor;
				CODE_SIGN_STYLE = Automatic;
				CURRENT_PROJECT_VERSION = 1;
				DEVELOPMENT_ASSET_PATHS = "\"DeepDish/Preview Content\"";
				DEVELOPMENT_TEAM = 8KG8PL9HFA;
				ENABLE_PREVIEWS = YES;
				GENERATE_INFOPLIST_FILE = YES;
				INFOPLIST_KEY_UIApplicationSceneManifest_Generation = YES;
				INFOPLIST_KEY_UIApplicationSupportsIndirectInputEvents = YES;
				INFOPLIST_KEY_UILaunchScreen_Generation = YES;
				INFOPLIST_KEY_UISupportedInterfaceOrientations_iPad = "UIInterfaceOrientationPortrait UIInterfaceOrientationPortraitUpsideDown UIInterfaceOrientationLandscapeLeft UIInterfaceOrientationLandscapeRight";
				INFOPLIST_KEY_UISupportedInterfaceOrientations_iPhone = "UIInterfaceOrientationPortrait UIInterfaceOrientationLandscapeLeft UIInterfaceOrientationLandscapeRight";
				LD_RUNPATH_SEARCH_PATHS = (
					"$(inherited)",
					"@executable_path/Frameworks",
				);
				MARKETING_VERSION = 1.0;
				PRODUCT_BUNDLE_IDENTIFIER = com.academy.DeepDish;
				PRODUCT_NAME = "$(TARGET_NAME)";
				SWIFT_EMIT_LOC_STRINGS = YES;
				SWIFT_VERSION = 5.0;
				TARGETED_DEVICE_FAMILY = "1,2";
			};
			name = Release;
		};
/* End XCBuildConfiguration section */

/* Begin XCConfigurationList section */
		8A25782727AB099E0092C6C5 /* Build configuration list for PBXProject "DeepDish" */ = {
			isa = XCConfigurationList;
			buildConfigurations = (
				8A25783827AB099F0092C6C5 /* Debug */,
				8A25783927AB099F0092C6C5 /* Release */,
			);
			defaultConfigurationIsVisible = 0;
			defaultConfigurationName = Release;
		};
		8A25783A27AB099F0092C6C5 /* Build configuration list for PBXNativeTarget "DeepDish" */ = {
			isa = XCConfigurationList;
			buildConfigurations = (
				8A25783B27AB099F0092C6C5 /* Debug */,
				8A25783C27AB099F0092C6C5 /* Release */,
			);
			defaultConfigurationIsVisible = 0;
			defaultConfigurationName = Release;
		};
/* End XCConfigurationList section */
	};
	rootObject = 8A25782427AB099E0092C6C5 /* Project object */;
}
